// !$*UTF8*$!
{
	archiveVersion = 1;
	classes = {
	};
	objectVersion = 54;
	objects = {

/* Begin PBXBuildFile section */
		625F9679291CD719000CEA87 /* libepos2.xcframework in Frameworks */ = {isa = PBXBuildFile; fileRef = 625F9678291CD719000CEA87 /* libepos2.xcframework */; };
		625F967B291CD754000CEA87 /* CoreBluetooth.framework in Frameworks */ = {isa = PBXBuildFile; fileRef = 625F967A291CD754000CEA87 /* CoreBluetooth.framework */; };
		62DF9CFC25CC6CE30048F83E /* libxml2.2.tbd in Frameworks */ = {isa = PBXBuildFile; fileRef = 62DF9CFB25CC6CE30048F83E /* libxml2.2.tbd */; };
		62DF9CFF25CC6CF50048F83E /* ExternalAccessory.framework in Frameworks */ = {isa = PBXBuildFile; fileRef = 62DF9CFE25CC6CF50048F83E /* ExternalAccessory.framework */; };
		874BE11E28635EFB00EC5122 /* ThePrinterManager.m in Sources */ = {isa = PBXBuildFile; fileRef = 874BE11D28635EFB00EC5122 /* ThePrinterManager.m */; };
		874BE12128635F3900EC5122 /* ThePrinter.m in Sources */ = {isa = PBXBuildFile; fileRef = 874BE12028635F3900EC5122 /* ThePrinter.m */; };
		874BE12728636F6E00EC5122 /* EposStringHelper.m in Sources */ = {isa = PBXBuildFile; fileRef = 874BE12628636F6E00EC5122 /* EposStringHelper.m */; };
		F4FF95D7245B92E800C19C63 /* EscPosPrinter.swift in Sources */ = {isa = PBXBuildFile; fileRef = F4FF95D6245B92E800C19C63 /* EscPosPrinter.swift */; };
/* End PBXBuildFile section */

/* Begin PBXCopyFilesBuildPhase section */
		58B511D91A9E6C8500147676 /* CopyFiles */ = {
			isa = PBXCopyFilesBuildPhase;
			buildActionMask = 2147483647;
			dstPath = "include/$(PRODUCT_NAME)";
			dstSubfolderSpec = 16;
			files = (
			);
			runOnlyForDeploymentPostprocessing = 0;
		};
/* End PBXCopyFilesBuildPhase section */

/* Begin PBXFileReference section */
		134814201AA4EA6300B7C361 /* libEscPosPrinter.a */ = {isa = PBXFileReference; explicitFileType = archive.ar; includeInIndex = 0; path = libEscPosPrinter.a; sourceTree = BUILT_PRODUCTS_DIR; };
		6218CEA325D6963300B59129 /* EscPosPrinterDiscovery.h */ = {isa = PBXFileReference; lastKnownFileType = sourcecode.c.h; path = EscPosPrinterDiscovery.h; sourceTree = "<group>"; };
		6218CEA425D6963300B59129 /* EscPosPrinterDiscovery.m */ = {isa = PBXFileReference; lastKnownFileType = sourcecode.c.objc; path = EscPosPrinterDiscovery.m; sourceTree = "<group>"; };
		625F9678291CD719000CEA87 /* libepos2.xcframework */ = {isa = PBXFileReference; lastKnownFileType = wrapper.xcframework; path = libepos2.xcframework; sourceTree = "<group>"; };
		625F967A291CD754000CEA87 /* CoreBluetooth.framework */ = {isa = PBXFileReference; lastKnownFileType = wrapper.framework; name = CoreBluetooth.framework; path = Platforms/MacOSX.platform/Developer/SDKs/MacOSX12.3.sdk/System/Library/Frameworks/CoreBluetooth.framework; sourceTree = DEVELOPER_DIR; };
		62CF91982B977B9C00F811BE /* ImageManager.m */ = {isa = PBXFileReference; lastKnownFileType = sourcecode.c.objc; path = ImageManager.m; sourceTree = "<group>"; };
		62CF91992B977B9D00F811BE /* ImageManager.h */ = {isa = PBXFileReference; lastKnownFileType = sourcecode.c.h; path = ImageManager.h; sourceTree = "<group>"; };
		62DF9CFB25CC6CE30048F83E /* libxml2.2.tbd */ = {isa = PBXFileReference; lastKnownFileType = "sourcecode.text-based-dylib-definition"; name = libxml2.2.tbd; path = Platforms/MacOSX.platform/Developer/SDKs/MacOSX11.1.sdk/usr/lib/libxml2.2.tbd; sourceTree = DEVELOPER_DIR; };
		62DF9CFE25CC6CF50048F83E /* ExternalAccessory.framework */ = {isa = PBXFileReference; lastKnownFileType = wrapper.framework; name = ExternalAccessory.framework; path = Platforms/MacOSX.platform/Developer/SDKs/MacOSX11.1.sdk/System/Library/Frameworks/ExternalAccessory.framework; sourceTree = DEVELOPER_DIR; };
		62DF9FDE25CDC7BB0048F83E /* EscPosPrinter.h */ = {isa = PBXFileReference; fileEncoding = 4; lastKnownFileType = sourcecode.c.h; path = EscPosPrinter.h; sourceTree = "<group>"; };
		874BE11C28635EE100EC5122 /* ThePrinterManager.h */ = {isa = PBXFileReference; lastKnownFileType = sourcecode.c.h; path = ThePrinterManager.h; sourceTree = "<group>"; };
		874BE11D28635EFB00EC5122 /* ThePrinterManager.m */ = {isa = PBXFileReference; lastKnownFileType = sourcecode.c.objc; path = ThePrinterManager.m; sourceTree = "<group>"; };
		874BE11F28635F1C00EC5122 /* ThePrinter.h */ = {isa = PBXFileReference; lastKnownFileType = sourcecode.c.h; path = ThePrinter.h; sourceTree = "<group>"; };
		874BE12028635F3900EC5122 /* ThePrinter.m */ = {isa = PBXFileReference; lastKnownFileType = sourcecode.c.objc; path = ThePrinter.m; sourceTree = "<group>"; };
		874BE12528636F5C00EC5122 /* EposStringHelper.h */ = {isa = PBXFileReference; lastKnownFileType = sourcecode.c.h; path = EposStringHelper.h; sourceTree = "<group>"; };
		874BE12628636F6E00EC5122 /* EposStringHelper.m */ = {isa = PBXFileReference; lastKnownFileType = sourcecode.c.objc; path = EposStringHelper.m; sourceTree = "<group>"; };
		B3E7B5891CC2AC0600A0062D /* EscPosPrinter.m */ = {isa = PBXFileReference; fileEncoding = 4; lastKnownFileType = sourcecode.c.objc; path = EscPosPrinter.m; sourceTree = "<group>"; };
		F4FF95D5245B92E700C19C63 /* EscPosPrinter-Bridging-Header.h */ = {isa = PBXFileReference; lastKnownFileType = sourcecode.c.h; path = "EscPosPrinter-Bridging-Header.h"; sourceTree = "<group>"; };
		F4FF95D6245B92E800C19C63 /* EscPosPrinter.swift */ = {isa = PBXFileReference; lastKnownFileType = sourcecode.swift; path = EscPosPrinter.swift; sourceTree = "<group>"; };
/* End PBXFileReference section */

/* Begin PBXFrameworksBuildPhase section */
		58B511D81A9E6C8500147676 /* Frameworks */ = {
			isa = PBXFrameworksBuildPhase;
			buildActionMask = 2147483647;
			files = (
				625F967B291CD754000CEA87 /* CoreBluetooth.framework in Frameworks */,
				62DF9CFF25CC6CF50048F83E /* ExternalAccessory.framework in Frameworks */,
				62DF9CFC25CC6CE30048F83E /* libxml2.2.tbd in Frameworks */,
				625F9679291CD719000CEA87 /* libepos2.xcframework in Frameworks */,
			);
			runOnlyForDeploymentPostprocessing = 0;
		};
/* End PBXFrameworksBuildPhase section */

/* Begin PBXGroup section */
		134814211AA4EA7D00B7C361 /* Products */ = {
			isa = PBXGroup;
			children = (
				134814201AA4EA6300B7C361 /* libEscPosPrinter.a */,
			);
			name = Products;
			sourceTree = "<group>";
		};
		58B511D21A9E6C8500147676 = {
			isa = PBXGroup;
			children = (
				62CF91992B977B9D00F811BE /* ImageManager.h */,
				62CF91982B977B9C00F811BE /* ImageManager.m */,
				874BE12528636F5C00EC5122 /* EposStringHelper.h */,
				874BE12628636F6E00EC5122 /* EposStringHelper.m */,
				874BE11C28635EE100EC5122 /* ThePrinterManager.h */,
				874BE11D28635EFB00EC5122 /* ThePrinterManager.m */,
				874BE11F28635F1C00EC5122 /* ThePrinter.h */,
				874BE12028635F3900EC5122 /* ThePrinter.m */,
				6218CEA325D6963300B59129 /* EscPosPrinterDiscovery.h */,
				6218CEA425D6963300B59129 /* EscPosPrinterDiscovery.m */,
				62DF9FDE25CDC7BB0048F83E /* EscPosPrinter.h */,
				62E6DE2225CC684A00B4CFF3 /* PrinterSDK */,
				F4FF95D6245B92E800C19C63 /* EscPosPrinter.swift */,
				B3E7B5891CC2AC0600A0062D /* EscPosPrinter.m */,
				F4FF95D5245B92E700C19C63 /* EscPosPrinter-Bridging-Header.h */,
				134814211AA4EA7D00B7C361 /* Products */,
				62DF9CFA25CC6CE30048F83E /* Frameworks */,
			);
			sourceTree = "<group>";
		};
		62DF9CFA25CC6CE30048F83E /* Frameworks */ = {
			isa = PBXGroup;
			children = (
				625F967A291CD754000CEA87 /* CoreBluetooth.framework */,
				62DF9CFE25CC6CF50048F83E /* ExternalAccessory.framework */,
				62DF9CFB25CC6CE30048F83E /* libxml2.2.tbd */,
			);
			name = Frameworks;
			sourceTree = "<group>";
		};
		62E6DE2225CC684A00B4CFF3 /* PrinterSDK */ = {
			isa = PBXGroup;
			children = (
				625F9678291CD719000CEA87 /* libepos2.xcframework */,
			);
			path = PrinterSDK;
			sourceTree = "<group>";
		};
/* End PBXGroup section */

/* Begin PBXNativeTarget section */
		58B511DA1A9E6C8500147676 /* EscPosPrinter */ = {
			isa = PBXNativeTarget;
			buildConfigurationList = 58B511EF1A9E6C8500147676 /* Build configuration list for PBXNativeTarget "EscPosPrinter" */;
			buildPhases = (
				58B511D71A9E6C8500147676 /* Sources */,
				58B511D81A9E6C8500147676 /* Frameworks */,
				58B511D91A9E6C8500147676 /* CopyFiles */,
			);
			buildRules = (
			);
			dependencies = (
			);
			name = EscPosPrinter;
			productName = RCTDataManager;
			productReference = 134814201AA4EA6300B7C361 /* libEscPosPrinter.a */;
			productType = "com.apple.product-type.library.static";
		};
/* End PBXNativeTarget section */

/* Begin PBXProject section */
		58B511D31A9E6C8500147676 /* Project object */ = {
			isa = PBXProject;
			attributes = {
				LastUpgradeCheck = 0920;
				ORGANIZATIONNAME = Facebook;
				TargetAttributes = {
					58B511DA1A9E6C8500147676 = {
						CreatedOnToolsVersion = 6.1.1;
					};
				};
			};
			buildConfigurationList = 58B511D61A9E6C8500147676 /* Build configuration list for PBXProject "EscPosPrinter" */;
			compatibilityVersion = "Xcode 3.2";
			developmentRegion = English;
			hasScannedForEncodings = 0;
			knownRegions = (
				English,
				en,
			);
			mainGroup = 58B511D21A9E6C8500147676;
			productRefGroup = 58B511D21A9E6C8500147676;
			projectDirPath = "";
			projectRoot = "";
			targets = (
				58B511DA1A9E6C8500147676 /* EscPosPrinter */,
			);
		};
/* End PBXProject section */

/* Begin PBXSourcesBuildPhase section */
		58B511D71A9E6C8500147676 /* Sources */ = {
			isa = PBXSourcesBuildPhase;
			buildActionMask = 2147483647;
			files = (
				874BE12128635F3900EC5122 /* ThePrinter.m in Sources */,
				874BE12728636F6E00EC5122 /* EposStringHelper.m in Sources */,
				F4FF95D7245B92E800C19C63 /* EscPosPrinter.swift in Sources */,
				874BE11E28635EFB00EC5122 /* ThePrinterManager.m in Sources */,
			);
			runOnlyForDeploymentPostprocessing = 0;
		};
/* End PBXSourcesBuildPhase section */

/* Begin XCBuildConfiguration section */
		58B511ED1A9E6C8500147676 /* Debug */ = {
			isa = XCBuildConfiguration;
			buildSettings = {
				ALWAYS_SEARCH_USER_PATHS = NO;
				CLANG_CXX_LANGUAGE_STANDARD = "gnu++0x";
				CLANG_CXX_LIBRARY = "libc++";
				CLANG_ENABLE_MODULES = YES;
				CLANG_ENABLE_OBJC_ARC = YES;
				CLANG_WARN_BLOCK_CAPTURE_AUTORELEASING = YES;
				CLANG_WARN_BOOL_CONVERSION = YES;
				CLANG_WARN_COMMA = YES;
				CLANG_WARN_CONSTANT_CONVERSION = YES;
				CLANG_WARN_DIRECT_OBJC_ISA_USAGE = YES_ERROR;
				CLANG_WARN_EMPTY_BODY = YES;
				CLANG_WARN_ENUM_CONVERSION = YES;
				CLANG_WARN_INFINITE_RECURSION = YES;
				CLANG_WARN_INT_CONVERSION = YES;
				CLANG_WARN_NON_LITERAL_NULL_CONVERSION = YES;
				CLANG_WARN_OBJC_LITERAL_CONVERSION = YES;
				CLANG_WARN_OBJC_ROOT_CLASS = YES_ERROR;
				CLANG_WARN_RANGE_LOOP_ANALYSIS = YES;
				CLANG_WARN_STRICT_PROTOTYPES = YES;
				CLANG_WARN_SUSPICIOUS_MOVE = YES;
				CLANG_WARN_UNREACHABLE_CODE = YES;
				CLANG_WARN__DUPLICATE_METHOD_MATCH = YES;
				COPY_PHASE_STRIP = NO;
				ENABLE_STRICT_OBJC_MSGSEND = YES;
				ENABLE_TESTABILITY = YES;
				GCC_C_LANGUAGE_STANDARD = gnu99;
				GCC_DYNAMIC_NO_PIC = NO;
				GCC_NO_COMMON_BLOCKS = YES;
				GCC_OPTIMIZATION_LEVEL = 0;
				GCC_PREPROCESSOR_DEFINITIONS = (
					"DEBUG=1",
					"$(inherited)",
				);
				GCC_SYMBOLS_PRIVATE_EXTERN = NO;
				GCC_WARN_64_TO_32_BIT_CONVERSION = YES;
				GCC_WARN_ABOUT_RETURN_TYPE = YES_ERROR;
				GCC_WARN_UNDECLARED_SELECTOR = YES;
				GCC_WARN_UNINITIALIZED_AUTOS = YES_AGGRESSIVE;
				GCC_WARN_UNUSED_FUNCTION = YES;
				GCC_WARN_UNUSED_VARIABLE = YES;
				IPHONEOS_DEPLOYMENT_TARGET = 8.0;
				MTL_ENABLE_DEBUG_INFO = YES;
				ONLY_ACTIVE_ARCH = YES;
				SDKROOT = iphoneos;
			};
			name = Debug;
		};
		58B511EE1A9E6C8500147676 /* Release */ = {
			isa = XCBuildConfiguration;
			buildSettings = {
				ALWAYS_SEARCH_USER_PATHS = NO;
				CLANG_CXX_LANGUAGE_STANDARD = "gnu++0x";
				CLANG_CXX_LIBRARY = "libc++";
				CLANG_ENABLE_MODULES = YES;
				CLANG_ENABLE_OBJC_ARC = YES;
				CLANG_WARN_BLOCK_CAPTURE_AUTORELEASING = YES;
				CLANG_WARN_BOOL_CONVERSION = YES;
				CLANG_WARN_COMMA = YES;
				CLANG_WARN_CONSTANT_CONVERSION = YES;
				CLANG_WARN_DIRECT_OBJC_ISA_USAGE = YES_ERROR;
				CLANG_WARN_EMPTY_BODY = YES;
				CLANG_WARN_ENUM_CONVERSION = YES;
				CLANG_WARN_INFINITE_RECURSION = YES;
				CLANG_WARN_INT_CONVERSION = YES;
				CLANG_WARN_NON_LITERAL_NULL_CONVERSION = YES;
				CLANG_WARN_OBJC_LITERAL_CONVERSION = YES;
				CLANG_WARN_OBJC_ROOT_CLASS = YES_ERROR;
				CLANG_WARN_RANGE_LOOP_ANALYSIS = YES;
				CLANG_WARN_STRICT_PROTOTYPES = YES;
				CLANG_WARN_SUSPICIOUS_MOVE = YES;
				CLANG_WARN_UNREACHABLE_CODE = YES;
				CLANG_WARN__DUPLICATE_METHOD_MATCH = YES;
				COPY_PHASE_STRIP = YES;
				ENABLE_NS_ASSERTIONS = NO;
				ENABLE_STRICT_OBJC_MSGSEND = YES;
				GCC_C_LANGUAGE_STANDARD = gnu99;
				GCC_NO_COMMON_BLOCKS = YES;
				GCC_WARN_64_TO_32_BIT_CONVERSION = YES;
				GCC_WARN_ABOUT_RETURN_TYPE = YES_ERROR;
				GCC_WARN_UNDECLARED_SELECTOR = YES;
				GCC_WARN_UNINITIALIZED_AUTOS = YES_AGGRESSIVE;
				GCC_WARN_UNUSED_FUNCTION = YES;
				GCC_WARN_UNUSED_VARIABLE = YES;
				IPHONEOS_DEPLOYMENT_TARGET = 8.0;
				MTL_ENABLE_DEBUG_INFO = NO;
				SDKROOT = iphoneos;
				VALIDATE_PRODUCT = YES;
			};
			name = Release;
		};
		58B511F01A9E6C8500147676 /* Debug */ = {
			isa = XCBuildConfiguration;
			buildSettings = {
				HEADER_SEARCH_PATHS = (
					"$(inherited)",
					/Applications/Xcode.app/Contents/Developer/Toolchains/XcodeDefault.xctoolchain/usr/include,
					"$(SRCROOT)/../../../React/**",
					"$(SRCROOT)/../../react-native/React/**",
				);
				LIBRARY_SEARCH_PATHS = (
					"$(inherited)",
					"$(PROJECT_DIR)/PrinterSDK",
				);
				OTHER_LDFLAGS = "-ObjC";
				PRODUCT_NAME = EscPosPrinter;
				SKIP_INSTALL = YES;
				SWIFT_OBJC_BRIDGING_HEADER = "EscPosPrinter-Bridging-Header.h";
				SWIFT_OPTIMIZATION_LEVEL = "-Onone";
				SWIFT_VERSION = 5.0;
			};
			name = Debug;
		};
		58B511F11A9E6C8500147676 /* Release */ = {
			isa = XCBuildConfiguration;
			buildSettings = {
				HEADER_SEARCH_PATHS = (
					"$(inherited)",
					/Applications/Xcode.app/Contents/Developer/Toolchains/XcodeDefault.xctoolchain/usr/include,
					"$(SRCROOT)/../../../React/**",
					"$(SRCROOT)/../../react-native/React/**",
				);
				LIBRARY_SEARCH_PATHS = (
					"$(inherited)",
					"$(PROJECT_DIR)/PrinterSDK",
				);
				OTHER_LDFLAGS = "-ObjC";
				PRODUCT_NAME = EscPosPrinter;
				SKIP_INSTALL = YES;
				SWIFT_OBJC_BRIDGING_HEADER = "EscPosPrinter-Bridging-Header.h";
				SWIFT_VERSION = 5.0;
			};
			name = Release;
		};
/* End XCBuildConfiguration section */

/* Begin XCConfigurationList section */
		58B511D61A9E6C8500147676 /* Build configuration list for PBXProject "EscPosPrinter" */ = {
			isa = XCConfigurationList;
			buildConfigurations = (
				58B511ED1A9E6C8500147676 /* Debug */,
				58B511EE1A9E6C8500147676 /* Release */,
			);
			defaultConfigurationIsVisible = 0;
			defaultConfigurationName = Release;
		};
		58B511EF1A9E6C8500147676 /* Build configuration list for PBXNativeTarget "EscPosPrinter" */ = {
			isa = XCConfigurationList;
			buildConfigurations = (
				58B511F01A9E6C8500147676 /* Debug */,
				58B511F11A9E6C8500147676 /* Release */,
			);
			defaultConfigurationIsVisible = 0;
			defaultConfigurationName = Release;
		};
/* End XCConfigurationList section */
	};
	rootObject = 58B511D31A9E6C8500147676 /* Project object */;
}
